<Solution>
  <Project Path="CleanArchitecture.Application/CleanArchitecture.Application.csproj" />
  <Project Path="CleanArchitecture.Domain/CleanArchitecture.Domain.csproj" />
  <Project Path="CleanArchitecture.Infrastructure/CleanArchitecture.Infrastructure.csproj" />
  <Project Path="CleanArchitecture/CleanArchitecture.Api.csproj" />
</Solution>
